// !$*UTF8*$!
{
	archiveVersion = 1;
	classes = {
	};
	objectVersion = 50;
	objects = {

/* Begin PBXBuildFile section */
		1BE2849A2336006E0086B30D /* AppDelegate.swift in Sources */ = {isa = PBXBuildFile; fileRef = 1BE284992336006E0086B30D /* AppDelegate.swift */; };
		1BE2849F2336006E0086B30D /* Main.storyboard in Resources */ = {isa = PBXBuildFile; fileRef = 1BE2849D2336006E0086B30D /* Main.storyboard */; };
		1BE284A1233600700086B30D /* Assets.xcassets in Resources */ = {isa = PBXBuildFile; fileRef = 1BE284A0233600700086B30D /* Assets.xcassets */; };
		1BE284A4233600700086B30D /* LaunchScreen.storyboard in Resources */ = {isa = PBXBuildFile; fileRef = 1BE284A2233600700086B30D /* LaunchScreen.storyboard */; };
		1BE284AF233600700086B30D /* UICollectionViewHeaderTests.swift in Sources */ = {isa = PBXBuildFile; fileRef = 1BE284AE233600700086B30D /* UICollectionViewHeaderTests.swift */; };
		1BE284BA233600700086B30D /* UICollectionViewHeaderUITests.swift in Sources */ = {isa = PBXBuildFile; fileRef = 1BE284B9233600700086B30D /* UICollectionViewHeaderUITests.swift */; };
		1BE284CA233601720086B30D /* BeverageUICollectionViewCell.swift in Sources */ = {isa = PBXBuildFile; fileRef = 1BE284C7233601720086B30D /* BeverageUICollectionViewCell.swift */; };
		1BE284CB233601720086B30D /* Bevarage.swift in Sources */ = {isa = PBXBuildFile; fileRef = 1BE284C8233601720086B30D /* Bevarage.swift */; };
		1BE284CC233601720086B30D /* BeverageVC.swift in Sources */ = {isa = PBXBuildFile; fileRef = 1BE284C9233601720086B30D /* BeverageVC.swift */; };
		1BE284CE2336357F0086B30D /* BeverageCollectionReusableView.swift in Sources */ = {isa = PBXBuildFile; fileRef = 1BE284CD2336357F0086B30D /* BeverageCollectionReusableView.swift */; };
/* End PBXBuildFile section */

/* Begin PBXContainerItemProxy section */
		1BE284AB233600700086B30D /* PBXContainerItemProxy */ = {
			isa = PBXContainerItemProxy;
			containerPortal = 1BE2848E2336006E0086B30D /* Project object */;
			proxyType = 1;
			remoteGlobalIDString = 1BE284952336006E0086B30D;
			remoteInfo = UICollectionViewHeader;
		};
		1BE284B6233600700086B30D /* PBXContainerItemProxy */ = {
			isa = PBXContainerItemProxy;
			containerPortal = 1BE2848E2336006E0086B30D /* Project object */;
			proxyType = 1;
			remoteGlobalIDString = 1BE284952336006E0086B30D;
			remoteInfo = UICollectionViewHeader;
		};
/* End PBXContainerItemProxy section */

/* Begin PBXFileReference section */
		1BE284962336006E0086B30D /* UICollectionViewHeader.app */ = {isa = PBXFileReference; explicitFileType = wrapper.application; includeInIndex = 0; path = UICollectionViewHeader.app; sourceTree = BUILT_PRODUCTS_DIR; };
		1BE284992336006E0086B30D /* AppDelegate.swift */ = {isa = PBXFileReference; lastKnownFileType = sourcecode.swift; path = AppDelegate.swift; sourceTree = "<group>"; };
		1BE2849E2336006E0086B30D /* Base */ = {isa = PBXFileReference; lastKnownFileType = file.storyboard; name = Base; path = Base.lproj/Main.storyboard; sourceTree = "<group>"; };
		1BE284A0233600700086B30D /* Assets.xcassets */ = {isa = PBXFileReference; lastKnownFileType = folder.assetcatalog; path = Assets.xcassets; sourceTree = "<group>"; };
		1BE284A3233600700086B30D /* Base */ = {isa = PBXFileReference; lastKnownFileType = file.storyboard; name = Base; path = Base.lproj/LaunchScreen.storyboard; sourceTree = "<group>"; };
		1BE284A5233600700086B30D /* Info.plist */ = {isa = PBXFileReference; lastKnownFileType = text.plist.xml; path = Info.plist; sourceTree = "<group>"; };
		1BE284AA233600700086B30D /* UICollectionViewHeaderTests.xctest */ = {isa = PBXFileReference; explicitFileType = wrapper.cfbundle; includeInIndex = 0; path = UICollectionViewHeaderTests.xctest; sourceTree = BUILT_PRODUCTS_DIR; };
		1BE284AE233600700086B30D /* UICollectionViewHeaderTests.swift */ = {isa = PBXFileReference; lastKnownFileType = sourcecode.swift; path = UICollectionViewHeaderTests.swift; sourceTree = "<group>"; };
		1BE284B0233600700086B30D /* Info.plist */ = {isa = PBXFileReference; lastKnownFileType = text.plist.xml; path = Info.plist; sourceTree = "<group>"; };
		1BE284B5233600700086B30D /* UICollectionViewHeaderUITests.xctest */ = {isa = PBXFileReference; explicitFileType = wrapper.cfbundle; includeInIndex = 0; path = UICollectionViewHeaderUITests.xctest; sourceTree = BUILT_PRODUCTS_DIR; };
		1BE284B9233600700086B30D /* UICollectionViewHeaderUITests.swift */ = {isa = PBXFileReference; lastKnownFileType = sourcecode.swift; path = UICollectionViewHeaderUITests.swift; sourceTree = "<group>"; };
		1BE284BB233600700086B30D /* Info.plist */ = {isa = PBXFileReference; lastKnownFileType = text.plist.xml; path = Info.plist; sourceTree = "<group>"; };
		1BE284C7233601720086B30D /* BeverageUICollectionViewCell.swift */ = {isa = PBXFileReference; fileEncoding = 4; lastKnownFileType = sourcecode.swift; path = BeverageUICollectionViewCell.swift; sourceTree = "<group>"; };
		1BE284C8233601720086B30D /* Bevarage.swift */ = {isa = PBXFileReference; fileEncoding = 4; lastKnownFileType = sourcecode.swift; path = Bevarage.swift; sourceTree = "<group>"; };
		1BE284C9233601720086B30D /* BeverageVC.swift */ = {isa = PBXFileReference; fileEncoding = 4; lastKnownFileType = sourcecode.swift; path = BeverageVC.swift; sourceTree = "<group>"; };
		1BE284CD2336357F0086B30D /* BeverageCollectionReusableView.swift */ = {isa = PBXFileReference; lastKnownFileType = sourcecode.swift; path = BeverageCollectionReusableView.swift; sourceTree = "<group>"; };
/* End PBXFileReference section */

/* Begin PBXFrameworksBuildPhase section */
		1BE284932336006E0086B30D /* Frameworks */ = {
			isa = PBXFrameworksBuildPhase;
			buildActionMask = 2147483647;
			files = (
			);
			runOnlyForDeploymentPostprocessing = 0;
		};
		1BE284A7233600700086B30D /* Frameworks */ = {
			isa = PBXFrameworksBuildPhase;
			buildActionMask = 2147483647;
			files = (
			);
			runOnlyForDeploymentPostprocessing = 0;
		};
		1BE284B2233600700086B30D /* Frameworks */ = {
			isa = PBXFrameworksBuildPhase;
			buildActionMask = 2147483647;
			files = (
			);
			runOnlyForDeploymentPostprocessing = 0;
		};
/* End PBXFrameworksBuildPhase section */

/* Begin PBXGroup section */
		1BE2848D2336006E0086B30D = {
			isa = PBXGroup;
			children = (
				1BE284982336006E0086B30D /* UICollectionViewHeader */,
				1BE284AD233600700086B30D /* UICollectionViewHeaderTests */,
				1BE284B8233600700086B30D /* UICollectionViewHeaderUITests */,
				1BE284972336006E0086B30D /* Products */,
			);
			sourceTree = "<group>";
		};
		1BE284972336006E0086B30D /* Products */ = {
			isa = PBXGroup;
			children = (
				1BE284962336006E0086B30D /* UICollectionViewHeader.app */,
				1BE284AA233600700086B30D /* UICollectionViewHeaderTests.xctest */,
				1BE284B5233600700086B30D /* UICollectionViewHeaderUITests.xctest */,
			);
			name = Products;
			sourceTree = "<group>";
		};
		1BE284982336006E0086B30D /* UICollectionViewHeader */ = {
			isa = PBXGroup;
			children = (
				1BE284992336006E0086B30D /* AppDelegate.swift */,
				1BE284C8233601720086B30D /* Bevarage.swift */,
				1BE284C7233601720086B30D /* BeverageUICollectionViewCell.swift */,
				1BE284C9233601720086B30D /* BeverageVC.swift */,
				1BE2849D2336006E0086B30D /* Main.storyboard */,
				1BE284A0233600700086B30D /* Assets.xcassets */,
				1BE284A2233600700086B30D /* LaunchScreen.storyboard */,
				1BE284A5233600700086B30D /* Info.plist */,
				1BE284CD2336357F0086B30D /* BeverageCollectionReusableView.swift */,
			);
			path = UICollectionViewHeader;
			sourceTree = "<group>";
		};
		1BE284AD233600700086B30D /* UICollectionViewHeaderTests */ = {
			isa = PBXGroup;
			children = (
				1BE284AE233600700086B30D /* UICollectionViewHeaderTests.swift */,
				1BE284B0233600700086B30D /* Info.plist */,
			);
			path = UICollectionViewHeaderTests;
			sourceTree = "<group>";
		};
		1BE284B8233600700086B30D /* UICollectionViewHeaderUITests */ = {
			isa = PBXGroup;
			children = (
				1BE284B9233600700086B30D /* UICollectionViewHeaderUITests.swift */,
				1BE284BB233600700086B30D /* Info.plist */,
			);
			path = UICollectionViewHeaderUITests;
			sourceTree = "<group>";
		};
/* End PBXGroup section */

/* Begin PBXNativeTarget section */
		1BE284952336006E0086B30D /* UICollectionViewHeader */ = {
			isa = PBXNativeTarget;
			buildConfigurationList = 1BE284BE233600700086B30D /* Build configuration list for PBXNativeTarget "UICollectionViewHeader" */;
			buildPhases = (
				1BE284922336006E0086B30D /* Sources */,
				1BE284932336006E0086B30D /* Frameworks */,
				1BE284942336006E0086B30D /* Resources */,
			);
			buildRules = (
			);
			dependencies = (
			);
			name = UICollectionViewHeader;
			productName = UICollectionViewHeader;
			productReference = 1BE284962336006E0086B30D /* UICollectionViewHeader.app */;
			productType = "com.apple.product-type.application";
		};
		1BE284A9233600700086B30D /* UICollectionViewHeaderTests */ = {
			isa = PBXNativeTarget;
			buildConfigurationList = 1BE284C1233600700086B30D /* Build configuration list for PBXNativeTarget "UICollectionViewHeaderTests" */;
			buildPhases = (
				1BE284A6233600700086B30D /* Sources */,
				1BE284A7233600700086B30D /* Frameworks */,
				1BE284A8233600700086B30D /* Resources */,
			);
			buildRules = (
			);
			dependencies = (
				1BE284AC233600700086B30D /* PBXTargetDependency */,
			);
			name = UICollectionViewHeaderTests;
			productName = UICollectionViewHeaderTests;
			productReference = 1BE284AA233600700086B30D /* UICollectionViewHeaderTests.xctest */;
			productType = "com.apple.product-type.bundle.unit-test";
		};
		1BE284B4233600700086B30D /* UICollectionViewHeaderUITests */ = {
			isa = PBXNativeTarget;
			buildConfigurationList = 1BE284C4233600700086B30D /* Build configuration list for PBXNativeTarget "UICollectionViewHeaderUITests" */;
			buildPhases = (
				1BE284B1233600700086B30D /* Sources */,
				1BE284B2233600700086B30D /* Frameworks */,
				1BE284B3233600700086B30D /* Resources */,
			);
			buildRules = (
			);
			dependencies = (
				1BE284B7233600700086B30D /* PBXTargetDependency */,
			);
			name = UICollectionViewHeaderUITests;
			productName = UICollectionViewHeaderUITests;
			productReference = 1BE284B5233600700086B30D /* UICollectionViewHeaderUITests.xctest */;
			productType = "com.apple.product-type.bundle.ui-testing";
		};
/* End PBXNativeTarget section */

/* Begin PBXProject section */
		1BE2848E2336006E0086B30D /* Project object */ = {
			isa = PBXProject;
			attributes = {
				LastSwiftUpdateCheck = 1020;
				LastUpgradeCheck = 1020;
				ORGANIZATIONNAME = BNH;
				TargetAttributes = {
					1BE284952336006E0086B30D = {
						CreatedOnToolsVersion = 10.2.1;
					};
					1BE284A9233600700086B30D = {
						CreatedOnToolsVersion = 10.2.1;
						TestTargetID = 1BE284952336006E0086B30D;
					};
					1BE284B4233600700086B30D = {
						CreatedOnToolsVersion = 10.2.1;
						TestTargetID = 1BE284952336006E0086B30D;
					};
				};
			};
			buildConfigurationList = 1BE284912336006E0086B30D /* Build configuration list for PBXProject "UICollectionViewHeader" */;
			compatibilityVersion = "Xcode 9.3";
			developmentRegion = en;
			hasScannedForEncodings = 0;
			knownRegions = (
				en,
				Base,
			);
			mainGroup = 1BE2848D2336006E0086B30D;
			productRefGroup = 1BE284972336006E0086B30D /* Products */;
			projectDirPath = "";
			projectRoot = "";
			targets = (
				1BE284952336006E0086B30D /* UICollectionViewHeader */,
				1BE284A9233600700086B30D /* UICollectionViewHeaderTests */,
				1BE284B4233600700086B30D /* UICollectionViewHeaderUITests */,
			);
		};
/* End PBXProject section */

/* Begin PBXResourcesBuildPhase section */
		1BE284942336006E0086B30D /* Resources */ = {
			isa = PBXResourcesBuildPhase;
			buildActionMask = 2147483647;
			files = (
				1BE284A4233600700086B30D /* LaunchScreen.storyboard in Resources */,
				1BE284A1233600700086B30D /* Assets.xcassets in Resources */,
				1BE2849F2336006E0086B30D /* Main.storyboard in Resources */,
			);
			runOnlyForDeploymentPostprocessing = 0;
		};
		1BE284A8233600700086B30D /* Resources */ = {
			isa = PBXResourcesBuildPhase;
			buildActionMask = 2147483647;
			files = (
			);
			runOnlyForDeploymentPostprocessing = 0;
		};
		1BE284B3233600700086B30D /* Resources */ = {
			isa = PBXResourcesBuildPhase;
			buildActionMask = 2147483647;
			files = (
			);
			runOnlyForDeploymentPostprocessing = 0;
		};
/* End PBXResourcesBuildPhase section */

/* Begin PBXSourcesBuildPhase section */
		1BE284922336006E0086B30D /* Sources */ = {
			isa = PBXSourcesBuildPhase;
			buildActionMask = 2147483647;
			files = (
				1BE284CA233601720086B30D /* BeverageUICollectionViewCell.swift in Sources */,
				1BE284CE2336357F0086B30D /* BeverageCollectionReusableView.swift in Sources */,
				1BE284CB233601720086B30D /* Bevarage.swift in Sources */,
				1BE284CC233601720086B30D /* BeverageVC.swift in Sources */,
				1BE2849A2336006E0086B30D /* AppDelegate.swift in Sources */,
			);
			runOnlyForDeploymentPostprocessing = 0;
		};
		1BE284A6233600700086B30D /* Sources */ = {
			isa = PBXSourcesBuildPhase;
			buildActionMask = 2147483647;
			files = (
				1BE284AF233600700086B30D /* UICollectionViewHeaderTests.swift in Sources */,
			);
			runOnlyForDeploymentPostprocessing = 0;
		};
		1BE284B1233600700086B30D /* Sources */ = {
			isa = PBXSourcesBuildPhase;
			buildActionMask = 2147483647;
			files = (
				1BE284BA233600700086B30D /* UICollectionViewHeaderUITests.swift in Sources */,
			);
			runOnlyForDeploymentPostprocessing = 0;
		};
/* End PBXSourcesBuildPhase section */

/* Begin PBXTargetDependency section */
		1BE284AC233600700086B30D /* PBXTargetDependency */ = {
			isa = PBXTargetDependency;
			target = 1BE284952336006E0086B30D /* UICollectionViewHeader */;
			targetProxy = 1BE284AB233600700086B30D /* PBXContainerItemProxy */;
		};
		1BE284B7233600700086B30D /* PBXTargetDependency */ = {
			isa = PBXTargetDependency;
			target = 1BE284952336006E0086B30D /* UICollectionViewHeader */;
			targetProxy = 1BE284B6233600700086B30D /* PBXContainerItemProxy */;
		};
/* End PBXTargetDependency section */

/* Begin PBXVariantGroup section */
		1BE2849D2336006E0086B30D /* Main.storyboard */ = {
			isa = PBXVariantGroup;
			children = (
				1BE2849E2336006E0086B30D /* Base */,
			);
			name = Main.storyboard;
			sourceTree = "<group>";
		};
		1BE284A2233600700086B30D /* LaunchScreen.storyboard */ = {
			isa = PBXVariantGroup;
			children = (
				1BE284A3233600700086B30D /* Base */,
			);
			name = LaunchScreen.storyboard;
			sourceTree = "<group>";
		};
/* End PBXVariantGroup section */

/* Begin XCBuildConfiguration section */
		1BE284BC233600700086B30D /* Debug */ = {
			isa = XCBuildConfiguration;
			buildSettings = {
				ALWAYS_SEARCH_USER_PATHS = NO;
				CLANG_ANALYZER_NONNULL = YES;
				CLANG_ANALYZER_NUMBER_OBJECT_CONVERSION = YES_AGGRESSIVE;
				CLANG_CXX_LANGUAGE_STANDARD = "gnu++14";
				CLANG_CXX_LIBRARY = "libc++";
				CLANG_ENABLE_MODULES = YES;
				CLANG_ENABLE_OBJC_ARC = YES;
				CLANG_ENABLE_OBJC_WEAK = YES;
				CLANG_WARN_BLOCK_CAPTURE_AUTORELEASING = YES;
				CLANG_WARN_BOOL_CONVERSION = YES;
				CLANG_WARN_COMMA = YES;
				CLANG_WARN_CONSTANT_CONVERSION = YES;
				CLANG_WARN_DEPRECATED_OBJC_IMPLEMENTATIONS = YES;
				CLANG_WARN_DIRECT_OBJC_ISA_USAGE = YES_ERROR;
				CLANG_WARN_DOCUMENTATION_COMMENTS = YES;
				CLANG_WARN_EMPTY_BODY = YES;
				CLANG_WARN_ENUM_CONVERSION = YES;
				CLANG_WARN_INFINITE_RECURSION = YES;
				CLANG_WARN_INT_CONVERSION = YES;
				CLANG_WARN_NON_LITERAL_NULL_CONVERSION = YES;
				CLANG_WARN_OBJC_IMPLICIT_RETAIN_SELF = YES;
				CLANG_WARN_OBJC_LITERAL_CONVERSION = YES;
				CLANG_WARN_OBJC_ROOT_CLASS = YES_ERROR;
				CLANG_WARN_RANGE_LOOP_ANALYSIS = YES;
				CLANG_WARN_STRICT_PROTOTYPES = YES;
				CLANG_WARN_SUSPICIOUS_MOVE = YES;
				CLANG_WARN_UNGUARDED_AVAILABILITY = YES_AGGRESSIVE;
				CLANG_WARN_UNREACHABLE_CODE = YES;
				CLANG_WARN__DUPLICATE_METHOD_MATCH = YES;
				CODE_SIGN_IDENTITY = "iPhone Developer";
				COPY_PHASE_STRIP = NO;
				DEBUG_INFORMATION_FORMAT = dwarf;
				ENABLE_STRICT_OBJC_MSGSEND = YES;
				ENABLE_TESTABILITY = YES;
				GCC_C_LANGUAGE_STANDARD = gnu11;
				GCC_DYNAMIC_NO_PIC = NO;
				GCC_NO_COMMON_BLOCKS = YES;
				GCC_OPTIMIZATION_LEVEL = 0;
				GCC_PREPROCESSOR_DEFINITIONS = (
					"DEBUG=1",
					"$(inherited)",
				);
				GCC_WARN_64_TO_32_BIT_CONVERSION = YES;
				GCC_WARN_ABOUT_RETURN_TYPE = YES_ERROR;
				GCC_WARN_UNDECLARED_SELECTOR = YES;
				GCC_WARN_UNINITIALIZED_AUTOS = YES_AGGRESSIVE;
				GCC_WARN_UNUSED_FUNCTION = YES;
				GCC_WARN_UNUSED_VARIABLE = YES;
				IPHONEOS_DEPLOYMENT_TARGET = 12.2;
				MTL_ENABLE_DEBUG_INFO = INCLUDE_SOURCE;
				MTL_FAST_MATH = YES;
				ONLY_ACTIVE_ARCH = YES;
				SDKROOT = iphoneos;
				SWIFT_ACTIVE_COMPILATION_CONDITIONS = DEBUG;
				SWIFT_OPTIMIZATION_LEVEL = "-Onone";
			};
			name = Debug;
		};
		1BE284BD233600700086B30D /* Release */ = {
			isa = XCBuildConfiguration;
			buildSettings = {
				ALWAYS_SEARCH_USER_PATHS = NO;
				CLANG_ANALYZER_NONNULL = YES;
				CLANG_ANALYZER_NUMBER_OBJECT_CONVERSION = YES_AGGRESSIVE;
				CLANG_CXX_LANGUAGE_STANDARD = "gnu++14";
				CLANG_CXX_LIBRARY = "libc++";
				CLANG_ENABLE_MODULES = YES;
				CLANG_ENABLE_OBJC_ARC = YES;
				CLANG_ENABLE_OBJC_WEAK = YES;
				CLANG_WARN_BLOCK_CAPTURE_AUTORELEASING = YES;
				CLANG_WARN_BOOL_CONVERSION = YES;
				CLANG_WARN_COMMA = YES;
				CLANG_WARN_CONSTANT_CONVERSION = YES;
				CLANG_WARN_DEPRECATED_OBJC_IMPLEMENTATIONS = YES;
				CLANG_WARN_DIRECT_OBJC_ISA_USAGE = YES_ERROR;
				CLANG_WARN_DOCUMENTATION_COMMENTS = YES;
				CLANG_WARN_EMPTY_BODY = YES;
				CLANG_WARN_ENUM_CONVERSION = YES;
				CLANG_WARN_INFINITE_RECURSION = YES;
				CLANG_WARN_INT_CONVERSION = YES;
				CLANG_WARN_NON_LITERAL_NULL_CONVERSION = YES;
				CLANG_WARN_OBJC_IMPLICIT_RETAIN_SELF = YES;
				CLANG_WARN_OBJC_LITERAL_CONVERSION = YES;
				CLANG_WARN_OBJC_ROOT_CLASS = YES_ERROR;
				CLANG_WARN_RANGE_LOOP_ANALYSIS = YES;
				CLANG_WARN_STRICT_PROTOTYPES = YES;
				CLANG_WARN_SUSPICIOUS_MOVE = YES;
				CLANG_WARN_UNGUARDED_AVAILABILITY = YES_AGGRESSIVE;
				CLANG_WARN_UNREACHABLE_CODE = YES;
				CLANG_WARN__DUPLICATE_METHOD_MATCH = YES;
				CODE_SIGN_IDENTITY = "iPhone Developer";
				COPY_PHASE_STRIP = NO;
				DEBUG_INFORMATION_FORMAT = "dwarf-with-dsym";
				ENABLE_NS_ASSERTIONS = NO;
				ENABLE_STRICT_OBJC_MSGSEND = YES;
				GCC_C_LANGUAGE_STANDARD = gnu11;
				GCC_NO_COMMON_BLOCKS = YES;
				GCC_WARN_64_TO_32_BIT_CONVERSION = YES;
				GCC_WARN_ABOUT_RETURN_TYPE = YES_ERROR;
				GCC_WARN_UNDECLARED_SELECTOR = YES;
				GCC_WARN_UNINITIALIZED_AUTOS = YES_AGGRESSIVE;
				GCC_WARN_UNUSED_FUNCTION = YES;
				GCC_WARN_UNUSED_VARIABLE = YES;
				IPHONEOS_DEPLOYMENT_TARGET = 12.2;
				MTL_ENABLE_DEBUG_INFO = NO;
				MTL_FAST_MATH = YES;
				SDKROOT = iphoneos;
				SWIFT_COMPILATION_MODE = wholemodule;
				SWIFT_OPTIMIZATION_LEVEL = "-O";
				VALIDATE_PRODUCT = YES;
			};
			name = Release;
		};
		1BE284BF233600700086B30D /* Debug */ = {
			isa = XCBuildConfiguration;
			buildSettings = {
				ASSETCATALOG_COMPILER_APPICON_NAME = AppIcon;
				CODE_SIGN_STYLE = Automatic;
				DEVELOPMENT_TEAM = 925LD6VDN2;
				INFOPLIST_FILE = UICollectionViewHeader/Info.plist;
				LD_RUNPATH_SEARCH_PATHS = (
					"$(inherited)",
					"@executable_path/Frameworks",
				);
				PRODUCT_BUNDLE_IDENTIFIER = com.bnh.UICollectionViewHeader;
				PRODUCT_NAME = "$(TARGET_NAME)";
				SWIFT_VERSION = 5.0;
				TARGETED_DEVICE_FAMILY = "1,2";
			};
			name = Debug;
		};
		1BE284C0233600700086B30D /* Release */ = {
			isa = XCBuildConfiguration;
			buildSettings = {
				ASSETCATALOG_COMPILER_APPICON_NAME = AppIcon;
				CODE_SIGN_STYLE = Automatic;
				DEVELOPMENT_TEAM = 925LD6VDN2;
				INFOPLIST_FILE = UICollectionViewHeader/Info.plist;
				LD_RUNPATH_SEARCH_PATHS = (
					"$(inherited)",
					"@executable_path/Frameworks",
				);
				PRODUCT_BUNDLE_IDENTIFIER = com.bnh.UICollectionViewHeader;
				PRODUCT_NAME = "$(TARGET_NAME)";
				SWIFT_VERSION = 5.0;
				TARGETED_DEVICE_FAMILY = "1,2";
			};
			name = Release;
		};
		1BE284C2233600700086B30D /* Debug */ = {
			isa = XCBuildConfiguration;
			buildSettings = {
				ALWAYS_EMBED_SWIFT_STANDARD_LIBRARIES = YES;
				BUNDLE_LOADER = "$(TEST_HOST)";
				CODE_SIGN_STYLE = Automatic;
				DEVELOPMENT_TEAM = 925LD6VDN2;
				INFOPLIST_FILE = UICollectionViewHeaderTests/Info.plist;
				LD_RUNPATH_SEARCH_PATHS = (
					"$(inherited)",
					"@executable_path/Frameworks",
					"@loader_path/Frameworks",
				);
				PRODUCT_BUNDLE_IDENTIFIER = com.bnh.UICollectionViewHeaderTests;
				PRODUCT_NAME = "$(TARGET_NAME)";
				SWIFT_VERSION = 5.0;
				TARGETED_DEVICE_FAMILY = "1,2";
				TEST_HOST = "$(BUILT_PRODUCTS_DIR)/UICollectionViewHeader.app/UICollectionViewHeader";
			};
			name = Debug;
		};
		1BE284C3233600700086B30D /* Release */ = {
			isa = XCBuildConfiguration;
			buildSettings = {
				ALWAYS_EMBED_SWIFT_STANDARD_LIBRARIES = YES;
				BUNDLE_LOADER = "$(TEST_HOST)";
				CODE_SIGN_STYLE = Automatic;
				DEVELOPMENT_TEAM = 925LD6VDN2;
				INFOPLIST_FILE = UICollectionViewHeaderTests/Info.plist;
				LD_RUNPATH_SEARCH_PATHS = (
					"$(inherited)",
					"@executable_path/Frameworks",
					"@loader_path/Frameworks",
				);
				PRODUCT_BUNDLE_IDENTIFIER = com.bnh.UICollectionViewHeaderTests;
				PRODUCT_NAME = "$(TARGET_NAME)";
				SWIFT_VERSION = 5.0;
				TARGETED_DEVICE_FAMILY = "1,2";
				TEST_HOST = "$(BUILT_PRODUCTS_DIR)/UICollectionViewHeader.app/UICollectionViewHeader";
			};
			name = Release;
		};
		1BE284C5233600700086B30D /* Debug */ = {
			isa = XCBuildConfiguration;
			buildSettings = {
				ALWAYS_EMBED_SWIFT_STANDARD_LIBRARIES = YES;
				CODE_SIGN_STYLE = Automatic;
				DEVELOPMENT_TEAM = 925LD6VDN2;
				INFOPLIST_FILE = UICollectionViewHeaderUITests/Info.plist;
				LD_RUNPATH_SEARCH_PATHS = (
					"$(inherited)",
					"@executable_path/Frameworks",
					"@loader_path/Frameworks",
				);
				PRODUCT_BUNDLE_IDENTIFIER = com.bnh.UICollectionViewHeaderUITests;
				PRODUCT_NAME = "$(TARGET_NAME)";
				SWIFT_VERSION = 5.0;
				TARGETED_DEVICE_FAMILY = "1,2";
				TEST_TARGET_NAME = UICollectionViewHeader;
			};
			name = Debug;
		};
		1BE284C6233600700086B30D /* Release */ = {
			isa = XCBuildConfiguration;
			buildSettings = {
				ALWAYS_EMBED_SWIFT_STANDARD_LIBRARIES = YES;
				CODE_SIGN_STYLE = Automatic;
				DEVELOPMENT_TEAM = 925LD6VDN2;
				INFOPLIST_FILE = UICollectionViewHeaderUITests/Info.plist;
				LD_RUNPATH_SEARCH_PATHS = (
					"$(inherited)",
					"@executable_path/Frameworks",
					"@loader_path/Frameworks",
				);
				PRODUCT_BUNDLE_IDENTIFIER = com.bnh.UICollectionViewHeaderUITests;
				PRODUCT_NAME = "$(TARGET_NAME)";
				SWIFT_VERSION = 5.0;
				TARGETED_DEVICE_FAMILY = "1,2";
				TEST_TARGET_NAME = UICollectionViewHeader;
			};
			name = Release;
		};
/* End XCBuildConfiguration section */

/* Begin XCConfigurationList section */
		1BE284912336006E0086B30D /* Build configuration list for PBXProject "UICollectionViewHeader" */ = {
			isa = XCConfigurationList;
			buildConfigurations = (
				1BE284BC233600700086B30D /* Debug */,
				1BE284BD233600700086B30D /* Release */,
			);
			defaultConfigurationIsVisible = 0;
			defaultConfigurationName = Release;
		};
		1BE284BE233600700086B30D /* Build configuration list for PBXNativeTarget "UICollectionViewHeader" */ = {
			isa = XCConfigurationList;
			buildConfigurations = (
				1BE284BF233600700086B30D /* Debug */,
				1BE284C0233600700086B30D /* Release */,
			);
			defaultConfigurationIsVisible = 0;
			defaultConfigurationName = Release;
		};
		1BE284C1233600700086B30D /* Build configuration list for PBXNativeTarget "UICollectionViewHeaderTests" */ = {
			isa = XCConfigurationList;
			buildConfigurations = (
				1BE284C2233600700086B30D /* Debug */,
				1BE284C3233600700086B30D /* Release */,
			);
			defaultConfigurationIsVisible = 0;
			defaultConfigurationName = Release;
		};
		1BE284C4233600700086B30D /* Build configuration list for PBXNativeTarget "UICollectionViewHeaderUITests" */ = {
			isa = XCConfigurationList;
			buildConfigurations = (
				1BE284C5233600700086B30D /* Debug */,
				1BE284C6233600700086B30D /* Release */,
			);
			defaultConfigurationIsVisible = 0;
			defaultConfigurationName = Release;
		};
/* End XCConfigurationList section */
	};
	rootObject = 1BE2848E2336006E0086B30D /* Project object */;
}
